
Microsoft Visual Studio Solution File, Format Version 12.00
# Visual Studio 15
VisualStudioVersion = 15.0.26124.0
MinimumVisualStudioVersion = 15.0.26124.0
Project("{2150E333-8FDC-42A3-9474-1A3956D46DE8}") = "Code", "Code", "{D0ED901F-C33F-4189-9444-C51EEF494E8D}"
EndProject
Project("{FAE04EC0-301F-11D3-BF4B-00C04F79EFBC}") = "dotnetmysql.Api", "Code\dotnetmysql.Api\dotnetmysql.Api.csproj", "{BA5B6C66-541A-43AE-84CB-61A2539E5265}"
EndProject
Project("{FAE04EC0-301F-11D3-BF4B-00C04F79EFBC}") = "dotnetmysql.Business", "Code\dotnetmysql.Business\dotnetmysql.Business.csproj", "{371D1B49-0292-4B57-A00A-DDBD892D9E9C}"
EndProject
Project("{FAE04EC0-301F-11D3-BF4B-00C04F79EFBC}") = "dotnetmysql.Data", "Code\dotnetmysql.Data\dotnetmysql.Data.csproj", "{C749C271-E7D4-4663-A835-78B66160C6E9}"
EndProject
Project("{FAE04EC0-301F-11D3-BF4B-00C04F79EFBC}") = "dotnetmysql.Entities", "Code\dotnetmysql.Entities\dotnetmysql.Entities.csproj", "{16DB85FF-0A77-45AD-B03A-A3BA08F26E67}"
EndProject
Project("{FAE04EC0-301F-11D3-BF4B-00C04F79EFBC}") = "dotnetmysql.Test.Api", "Code\dotnetmysql.Test.Api\dotnetmysql.Test.Api.csproj", "{BBE4D9BE-3BA1-4C28-92F1-5B5DCB95D031}"
EndProject
Project("{FAE04EC0-301F-11D3-BF4B-00C04F79EFBC}") = "dotnetmysql.Test.Business", "Code\dotnetmysql.Test.Business\dotnetmysql.Test.Business.csproj", "{8A7D21AB-C0B8-4983-8B26-45E115289AD3}"
EndProject
Project("{FAE04EC0-301F-11D3-BF4B-00C04F79EFBC}") = "dotnetmysql.Test.Framework", "Code\dotnetmysql.Test.Framework\dotnetmysql.Test.Framework.csproj", "{18C1E461-8F5D-4D29-BFE5-73DCB491E592}"
EndProject
Project("{2150E333-8FDC-42A3-9474-1A3956D46DE8}") = "Test", "Test", "{16E20C11-5992-4EF1-A6B5-0238775AFBF2}"
EndProject
Global
	GlobalSection(SolutionConfigurationPlatforms) = preSolution
		Debug|Any CPU = Debug|Any CPU
		Debug|x64 = Debug|x64
		Debug|x86 = Debug|x86
		Release|Any CPU = Release|Any CPU
		Release|x64 = Release|x64
		Release|x86 = Release|x86
	EndGlobalSection
	GlobalSection(SolutionProperties) = preSolution
		HideSolutionNode = FALSE
	EndGlobalSection
	GlobalSection(ProjectConfigurationPlatforms) = postSolution
		{BA5B6C66-541A-43AE-84CB-61A2539E5265}.Debug|Any CPU.ActiveCfg = Debug|Any CPU
		{BA5B6C66-541A-43AE-84CB-61A2539E5265}.Debug|Any CPU.Build.0 = Debug|Any CPU
		{BA5B6C66-541A-43AE-84CB-61A2539E5265}.Debug|x64.ActiveCfg = Debug|Any CPU
		{BA5B6C66-541A-43AE-84CB-61A2539E5265}.Debug|x64.Build.0 = Debug|Any CPU
		{BA5B6C66-541A-43AE-84CB-61A2539E5265}.Debug|x86.ActiveCfg = Debug|Any CPU
		{BA5B6C66-541A-43AE-84CB-61A2539E5265}.Debug|x86.Build.0 = Debug|Any CPU
		{BA5B6C66-541A-43AE-84CB-61A2539E5265}.Release|Any CPU.ActiveCfg = Release|Any CPU
		{BA5B6C66-541A-43AE-84CB-61A2539E5265}.Release|Any CPU.Build.0 = Release|Any CPU
		{BA5B6C66-541A-43AE-84CB-61A2539E5265}.Release|x64.ActiveCfg = Release|Any CPU
		{BA5B6C66-541A-43AE-84CB-61A2539E5265}.Release|x64.Build.0 = Release|Any CPU
		{BA5B6C66-541A-43AE-84CB-61A2539E5265}.Release|x86.ActiveCfg = Release|Any CPU
		{BA5B6C66-541A-43AE-84CB-61A2539E5265}.Release|x86.Build.0 = Release|Any CPU
		{371D1B49-0292-4B57-A00A-DDBD892D9E9C}.Debug|Any CPU.ActiveCfg = Debug|Any CPU
		{371D1B49-0292-4B57-A00A-DDBD892D9E9C}.Debug|Any CPU.Build.0 = Debug|Any CPU
		{371D1B49-0292-4B57-A00A-DDBD892D9E9C}.Debug|x64.ActiveCfg = Debug|Any CPU
		{371D1B49-0292-4B57-A00A-DDBD892D9E9C}.Debug|x64.Build.0 = Debug|Any CPU
		{371D1B49-0292-4B57-A00A-DDBD892D9E9C}.Debug|x86.ActiveCfg = Debug|Any CPU
		{371D1B49-0292-4B57-A00A-DDBD892D9E9C}.Debug|x86.Build.0 = Debug|Any CPU
		{371D1B49-0292-4B57-A00A-DDBD892D9E9C}.Release|Any CPU.ActiveCfg = Release|Any CPU
		{371D1B49-0292-4B57-A00A-DDBD892D9E9C}.Release|Any CPU.Build.0 = Release|Any CPU
		{371D1B49-0292-4B57-A00A-DDBD892D9E9C}.Release|x64.ActiveCfg = Release|Any CPU
		{371D1B49-0292-4B57-A00A-DDBD892D9E9C}.Release|x64.Build.0 = Release|Any CPU
		{371D1B49-0292-4B57-A00A-DDBD892D9E9C}.Release|x86.ActiveCfg = Release|Any CPU
		{371D1B49-0292-4B57-A00A-DDBD892D9E9C}.Release|x86.Build.0 = Release|Any CPU
		{C749C271-E7D4-4663-A835-78B66160C6E9}.Debug|Any CPU.ActiveCfg = Debug|Any CPU
		{C749C271-E7D4-4663-A835-78B66160C6E9}.Debug|Any CPU.Build.0 = Debug|Any CPU
		{C749C271-E7D4-4663-A835-78B66160C6E9}.Debug|x64.ActiveCfg = Debug|Any CPU
		{C749C271-E7D4-4663-A835-78B66160C6E9}.Debug|x64.Build.0 = Debug|Any CPU
		{C749C271-E7D4-4663-A835-78B66160C6E9}.Debug|x86.ActiveCfg = Debug|Any CPU
		{C749C271-E7D4-4663-A835-78B66160C6E9}.Debug|x86.Build.0 = Debug|Any CPU
		{C749C271-E7D4-4663-A835-78B66160C6E9}.Release|Any CPU.ActiveCfg = Release|Any CPU
		{C749C271-E7D4-4663-A835-78B66160C6E9}.Release|Any CPU.Build.0 = Release|Any CPU
		{C749C271-E7D4-4663-A835-78B66160C6E9}.Release|x64.ActiveCfg = Release|Any CPU
		{C749C271-E7D4-4663-A835-78B66160C6E9}.Release|x64.Build.0 = Release|Any CPU
		{C749C271-E7D4-4663-A835-78B66160C6E9}.Release|x86.ActiveCfg = Release|Any CPU
		{C749C271-E7D4-4663-A835-78B66160C6E9}.Release|x86.Build.0 = Release|Any CPU
		{16DB85FF-0A77-45AD-B03A-A3BA08F26E67}.Debug|Any CPU.ActiveCfg = Debug|Any CPU
		{16DB85FF-0A77-45AD-B03A-A3BA08F26E67}.Debug|Any CPU.Build.0 = Debug|Any CPU
		{16DB85FF-0A77-45AD-B03A-A3BA08F26E67}.Debug|x64.ActiveCfg = Debug|Any CPU
		{16DB85FF-0A77-45AD-B03A-A3BA08F26E67}.Debug|x64.Build.0 = Debug|Any CPU
		{16DB85FF-0A77-45AD-B03A-A3BA08F26E67}.Debug|x86.ActiveCfg = Debug|Any CPU
		{16DB85FF-0A77-45AD-B03A-A3BA08F26E67}.Debug|x86.Build.0 = Debug|Any CPU
		{16DB85FF-0A77-45AD-B03A-A3BA08F26E67}.Release|Any CPU.ActiveCfg = Release|Any CPU
		{16DB85FF-0A77-45AD-B03A-A3BA08F26E67}.Release|Any CPU.Build.0 = Release|Any CPU
		{16DB85FF-0A77-45AD-B03A-A3BA08F26E67}.Release|x64.ActiveCfg = Release|Any CPU
		{16DB85FF-0A77-45AD-B03A-A3BA08F26E67}.Release|x64.Build.0 = Release|Any CPU
		{16DB85FF-0A77-45AD-B03A-A3BA08F26E67}.Release|x86.ActiveCfg = Release|Any CPU
		{16DB85FF-0A77-45AD-B03A-A3BA08F26E67}.Release|x86.Build.0 = Release|Any CPU
		{BBE4D9BE-3BA1-4C28-92F1-5B5DCB95D031}.Debug|Any CPU.ActiveCfg = Debug|Any CPU
		{BBE4D9BE-3BA1-4C28-92F1-5B5DCB95D031}.Debug|Any CPU.Build.0 = Debug|Any CPU
		{BBE4D9BE-3BA1-4C28-92F1-5B5DCB95D031}.Debug|x64.ActiveCfg = Debug|Any CPU
		{BBE4D9BE-3BA1-4C28-92F1-5B5DCB95D031}.Debug|x64.Build.0 = Debug|Any CPU
		{BBE4D9BE-3BA1-4C28-92F1-5B5DCB95D031}.Debug|x86.ActiveCfg = Debug|Any CPU
		{BBE4D9BE-3BA1-4C28-92F1-5B5DCB95D031}.Debug|x86.Build.0 = Debug|Any CPU
		{BBE4D9BE-3BA1-4C28-92F1-5B5DCB95D031}.Release|Any CPU.ActiveCfg = Release|Any CPU
		{BBE4D9BE-3BA1-4C28-92F1-5B5DCB95D031}.Release|Any CPU.Build.0 = Release|Any CPU
		{BBE4D9BE-3BA1-4C28-92F1-5B5DCB95D031}.Release|x64.ActiveCfg = Release|Any CPU
		{BBE4D9BE-3BA1-4C28-92F1-5B5DCB95D031}.Release|x64.Build.0 = Release|Any CPU
		{BBE4D9BE-3BA1-4C28-92F1-5B5DCB95D031}.Release|x86.ActiveCfg = Release|Any CPU
		{BBE4D9BE-3BA1-4C28-92F1-5B5DCB95D031}.Release|x86.Build.0 = Release|Any CPU
		{8A7D21AB-C0B8-4983-8B26-45E115289AD3}.Debug|Any CPU.ActiveCfg = Debug|Any CPU
		{8A7D21AB-C0B8-4983-8B26-45E115289AD3}.Debug|Any CPU.Build.0 = Debug|Any CPU
		{8A7D21AB-C0B8-4983-8B26-45E115289AD3}.Debug|x64.ActiveCfg = Debug|Any CPU
		{8A7D21AB-C0B8-4983-8B26-45E115289AD3}.Debug|x64.Build.0 = Debug|Any CPU
		{8A7D21AB-C0B8-4983-8B26-45E115289AD3}.Debug|x86.ActiveCfg = Debug|Any CPU
		{8A7D21AB-C0B8-4983-8B26-45E115289AD3}.Debug|x86.Build.0 = Debug|Any CPU
		{8A7D21AB-C0B8-4983-8B26-45E115289AD3}.Release|Any CPU.ActiveCfg = Release|Any CPU
		{8A7D21AB-C0B8-4983-8B26-45E115289AD3}.Release|Any CPU.Build.0 = Release|Any CPU
		{8A7D21AB-C0B8-4983-8B26-45E115289AD3}.Release|x64.ActiveCfg = Release|Any CPU
		{8A7D21AB-C0B8-4983-8B26-45E115289AD3}.Release|x64.Build.0 = Release|Any CPU
		{8A7D21AB-C0B8-4983-8B26-45E115289AD3}.Release|x86.ActiveCfg = Release|Any CPU
		{8A7D21AB-C0B8-4983-8B26-45E115289AD3}.Release|x86.Build.0 = Release|Any CPU
		{18C1E461-8F5D-4D29-BFE5-73DCB491E592}.Debug|Any CPU.ActiveCfg = Debug|Any CPU
		{18C1E461-8F5D-4D29-BFE5-73DCB491E592}.Debug|Any CPU.Build.0 = Debug|Any CPU
		{18C1E461-8F5D-4D29-BFE5-73DCB491E592}.Debug|x64.ActiveCfg = Debug|Any CPU
		{18C1E461-8F5D-4D29-BFE5-73DCB491E592}.Debug|x64.Build.0 = Debug|Any CPU
		{18C1E461-8F5D-4D29-BFE5-73DCB491E592}.Debug|x86.ActiveCfg = Debug|Any CPU
		{18C1E461-8F5D-4D29-BFE5-73DCB491E592}.Debug|x86.Build.0 = Debug|Any CPU
		{18C1E461-8F5D-4D29-BFE5-73DCB491E592}.Release|Any CPU.ActiveCfg = Release|Any CPU
		{18C1E461-8F5D-4D29-BFE5-73DCB491E592}.Release|Any CPU.Build.0 = Release|Any CPU
		{18C1E461-8F5D-4D29-BFE5-73DCB491E592}.Release|x64.ActiveCfg = Release|Any CPU
		{18C1E461-8F5D-4D29-BFE5-73DCB491E592}.Release|x64.Build.0 = Release|Any CPU
		{18C1E461-8F5D-4D29-BFE5-73DCB491E592}.Release|x86.ActiveCfg = Release|Any CPU
		{18C1E461-8F5D-4D29-BFE5-73DCB491E592}.Release|x86.Build.0 = Release|Any CPU
	EndGlobalSection
	GlobalSection(NestedProjects) = preSolution
		{BA5B6C66-541A-43AE-84CB-61A2539E5265} = {D0ED901F-C33F-4189-9444-C51EEF494E8D}
		{371D1B49-0292-4B57-A00A-DDBD892D9E9C} = {D0ED901F-C33F-4189-9444-C51EEF494E8D}
		{C749C271-E7D4-4663-A835-78B66160C6E9} = {D0ED901F-C33F-4189-9444-C51EEF494E8D}
		{16DB85FF-0A77-45AD-B03A-A3BA08F26E67} = {D0ED901F-C33F-4189-9444-C51EEF494E8D}
		{BBE4D9BE-3BA1-4C28-92F1-5B5DCB95D031} = {16E20C11-5992-4EF1-A6B5-0238775AFBF2}
		{8A7D21AB-C0B8-4983-8B26-45E115289AD3} = {16E20C11-5992-4EF1-A6B5-0238775AFBF2}
		{18C1E461-8F5D-4D29-BFE5-73DCB491E592} = {16E20C11-5992-4EF1-A6B5-0238775AFBF2}
	EndGlobalSection
EndGlobal
